// !$*UTF8*$!
{
	archiveVersion = 1;
	classes = {
	};
	objectVersion = 56;
	objects = {

/* Begin PBXBuildFile section */
		903008332B7792B200E24A1B /* ShoppingListViewModel.swift in Sources */ = {isa = PBXBuildFile; fileRef = 903008322B7792B200E24A1B /* ShoppingListViewModel.swift */; };
		903008362B77940400E24A1B /* AddShoppingListViewModel.swift in Sources */ = {isa = PBXBuildFile; fileRef = 903008352B77940400E24A1B /* AddShoppingListViewModel.swift */; };
		903008382B77953B00E24A1B /* ShoppingListDetailViewModel.swift in Sources */ = {isa = PBXBuildFile; fileRef = 903008372B77953B00E24A1B /* ShoppingListDetailViewModel.swift */; };
		904183732B7AC98E00B4133E /* AddShoppingItemViewModel.swift in Sources */ = {isa = PBXBuildFile; fileRef = 904183722B7AC98E00B4133E /* AddShoppingItemViewModel.swift */; };
		904183752B7ACAF500B4133E /* ThemeViewModel.swift in Sources */ = {isa = PBXBuildFile; fileRef = 904183742B7ACAF500B4133E /* ThemeViewModel.swift */; };
		9086428C2B72ED9F00019E57 /* ZakupowiczApp.swift in Sources */ = {isa = PBXBuildFile; fileRef = 9086428B2B72ED9F00019E57 /* ZakupowiczApp.swift */; };
		908642922B72EDA100019E57 /* Assets.xcassets in Resources */ = {isa = PBXBuildFile; fileRef = 908642912B72EDA100019E57 /* Assets.xcassets */; };
		908642952B72EDA100019E57 /* Preview Assets.xcassets in Resources */ = {isa = PBXBuildFile; fileRef = 908642942B72EDA100019E57 /* Preview Assets.xcassets */; };
		9086429F2B72EDA100019E57 /* ZakupowiczTests.swift in Sources */ = {isa = PBXBuildFile; fileRef = 9086429E2B72EDA100019E57 /* ZakupowiczTests.swift */; };
		908642A92B72EDA100019E57 /* ZakupowiczUITests.swift in Sources */ = {isa = PBXBuildFile; fileRef = 908642A82B72EDA100019E57 /* ZakupowiczUITests.swift */; };
		908642AB2B72EDA100019E57 /* ZakupowiczUITestsLaunchTests.swift in Sources */ = {isa = PBXBuildFile; fileRef = 908642AA2B72EDA100019E57 /* ZakupowiczUITestsLaunchTests.swift */; };
		908642B82B72F55600019E57 /* ShoppingListView.swift in Sources */ = {isa = PBXBuildFile; fileRef = 908642B72B72F55600019E57 /* ShoppingListView.swift */; };
		908642BA2B72F57E00019E57 /* AddShoppingListView.swift in Sources */ = {isa = PBXBuildFile; fileRef = 908642B92B72F57E00019E57 /* AddShoppingListView.swift */; };
		908642BC2B72F59900019E57 /* ShoppingListDetailView.swift in Sources */ = {isa = PBXBuildFile; fileRef = 908642BB2B72F59900019E57 /* ShoppingListDetailView.swift */; };
		908642BE2B72F5E100019E57 /* AddShoppingItemView.swift in Sources */ = {isa = PBXBuildFile; fileRef = 908642BD2B72F5E100019E57 /* AddShoppingItemView.swift */; };
		908642C02B72F6DD00019E57 /* ShoppingItem.swift in Sources */ = {isa = PBXBuildFile; fileRef = 908642BF2B72F6DD00019E57 /* ShoppingItem.swift */; };
		90C16F8C2B801AA400217BA0 /* ShoppingList.swift in Sources */ = {isa = PBXBuildFile; fileRef = 90C16F8B2B801AA400217BA0 /* ShoppingList.swift */; };
/* End PBXBuildFile section */

/* Begin PBXContainerItemProxy section */
		9086429B2B72EDA100019E57 /* PBXContainerItemProxy */ = {
			isa = PBXContainerItemProxy;
			containerPortal = 908642802B72ED9F00019E57 /* Project object */;
			proxyType = 1;
			remoteGlobalIDString = 908642872B72ED9F00019E57;
			remoteInfo = Zakupowicz;
		};
		908642A52B72EDA100019E57 /* PBXContainerItemProxy */ = {
			isa = PBXContainerItemProxy;
			containerPortal = 908642802B72ED9F00019E57 /* Project object */;
			proxyType = 1;
			remoteGlobalIDString = 908642872B72ED9F00019E57;
			remoteInfo = Zakupowicz;
		};
/* End PBXContainerItemProxy section */

/* Begin PBXFileReference section */
		903008322B7792B200E24A1B /* ShoppingListViewModel.swift */ = {isa = PBXFileReference; lastKnownFileType = sourcecode.swift; path = ShoppingListViewModel.swift; sourceTree = "<group>"; };
		903008352B77940400E24A1B /* AddShoppingListViewModel.swift */ = {isa = PBXFileReference; lastKnownFileType = sourcecode.swift; path = AddShoppingListViewModel.swift; sourceTree = "<group>"; };
		903008372B77953B00E24A1B /* ShoppingListDetailViewModel.swift */ = {isa = PBXFileReference; lastKnownFileType = sourcecode.swift; path = ShoppingListDetailViewModel.swift; sourceTree = "<group>"; };
		904183722B7AC98E00B4133E /* AddShoppingItemViewModel.swift */ = {isa = PBXFileReference; lastKnownFileType = sourcecode.swift; path = AddShoppingItemViewModel.swift; sourceTree = "<group>"; };
		904183742B7ACAF500B4133E /* ThemeViewModel.swift */ = {isa = PBXFileReference; lastKnownFileType = sourcecode.swift; path = ThemeViewModel.swift; sourceTree = "<group>"; };
		908642882B72ED9F00019E57 /* Zakupowicz.app */ = {isa = PBXFileReference; explicitFileType = wrapper.application; includeInIndex = 0; path = Zakupowicz.app; sourceTree = BUILT_PRODUCTS_DIR; };
		9086428B2B72ED9F00019E57 /* ZakupowiczApp.swift */ = {isa = PBXFileReference; lastKnownFileType = sourcecode.swift; path = ZakupowiczApp.swift; sourceTree = "<group>"; };
		908642912B72EDA100019E57 /* Assets.xcassets */ = {isa = PBXFileReference; lastKnownFileType = folder.assetcatalog; path = Assets.xcassets; sourceTree = "<group>"; };
		908642942B72EDA100019E57 /* Preview Assets.xcassets */ = {isa = PBXFileReference; lastKnownFileType = folder.assetcatalog; path = "Preview Assets.xcassets"; sourceTree = "<group>"; };
		9086429A2B72EDA100019E57 /* ZakupowiczTests.xctest */ = {isa = PBXFileReference; explicitFileType = wrapper.cfbundle; includeInIndex = 0; path = ZakupowiczTests.xctest; sourceTree = BUILT_PRODUCTS_DIR; };
		9086429E2B72EDA100019E57 /* ZakupowiczTests.swift */ = {isa = PBXFileReference; lastKnownFileType = sourcecode.swift; path = ZakupowiczTests.swift; sourceTree = "<group>"; };
		908642A42B72EDA100019E57 /* ZakupowiczUITests.xctest */ = {isa = PBXFileReference; explicitFileType = wrapper.cfbundle; includeInIndex = 0; path = ZakupowiczUITests.xctest; sourceTree = BUILT_PRODUCTS_DIR; };
		908642A82B72EDA100019E57 /* ZakupowiczUITests.swift */ = {isa = PBXFileReference; lastKnownFileType = sourcecode.swift; path = ZakupowiczUITests.swift; sourceTree = "<group>"; };
		908642AA2B72EDA100019E57 /* ZakupowiczUITestsLaunchTests.swift */ = {isa = PBXFileReference; lastKnownFileType = sourcecode.swift; path = ZakupowiczUITestsLaunchTests.swift; sourceTree = "<group>"; };
		908642B72B72F55600019E57 /* ShoppingListView.swift */ = {isa = PBXFileReference; lastKnownFileType = sourcecode.swift; path = ShoppingListView.swift; sourceTree = "<group>"; };
		908642B92B72F57E00019E57 /* AddShoppingListView.swift */ = {isa = PBXFileReference; lastKnownFileType = sourcecode.swift; path = AddShoppingListView.swift; sourceTree = "<group>"; };
		908642BB2B72F59900019E57 /* ShoppingListDetailView.swift */ = {isa = PBXFileReference; lastKnownFileType = sourcecode.swift; path = ShoppingListDetailView.swift; sourceTree = "<group>"; };
		908642BD2B72F5E100019E57 /* AddShoppingItemView.swift */ = {isa = PBXFileReference; lastKnownFileType = sourcecode.swift; path = AddShoppingItemView.swift; sourceTree = "<group>"; };
		908642BF2B72F6DD00019E57 /* ShoppingItem.swift */ = {isa = PBXFileReference; lastKnownFileType = sourcecode.swift; path = ShoppingItem.swift; sourceTree = "<group>"; };
		90C16F8B2B801AA400217BA0 /* ShoppingList.swift */ = {isa = PBXFileReference; lastKnownFileType = sourcecode.swift; path = ShoppingList.swift; sourceTree = "<group>"; };
/* End PBXFileReference section */

/* Begin PBXFrameworksBuildPhase section */
		908642852B72ED9F00019E57 /* Frameworks */ = {
			isa = PBXFrameworksBuildPhase;
			buildActionMask = 2147483647;
			files = (
			);
			runOnlyForDeploymentPostprocessing = 0;
		};
		908642972B72EDA100019E57 /* Frameworks */ = {
			isa = PBXFrameworksBuildPhase;
			buildActionMask = 2147483647;
			files = (
			);
			runOnlyForDeploymentPostprocessing = 0;
		};
		908642A12B72EDA100019E57 /* Frameworks */ = {
			isa = PBXFrameworksBuildPhase;
			buildActionMask = 2147483647;
			files = (
			);
			runOnlyForDeploymentPostprocessing = 0;
		};
/* End PBXFrameworksBuildPhase section */

/* Begin PBXGroup section */
		9041836E2B7AC89E00B4133E /* ViewModels */ = {
			isa = PBXGroup;
			children = (
				903008372B77953B00E24A1B /* ShoppingListDetailViewModel.swift */,
				903008352B77940400E24A1B /* AddShoppingListViewModel.swift */,
				903008322B7792B200E24A1B /* ShoppingListViewModel.swift */,
				904183722B7AC98E00B4133E /* AddShoppingItemViewModel.swift */,
				904183742B7ACAF500B4133E /* ThemeViewModel.swift */,
			);
			path = ViewModels;
			sourceTree = "<group>";
		};
		9041836F2B7AC8A900B4133E /* Views */ = {
			isa = PBXGroup;
			children = (
				908642BB2B72F59900019E57 /* ShoppingListDetailView.swift */,
				908642BD2B72F5E100019E57 /* AddShoppingItemView.swift */,
				908642B72B72F55600019E57 /* ShoppingListView.swift */,
				908642B92B72F57E00019E57 /* AddShoppingListView.swift */,
			);
			path = Views;
			sourceTree = "<group>";
		};
		904183702B7AC8B200B4133E /* Models */ = {
			isa = PBXGroup;
			children = (
				908642BF2B72F6DD00019E57 /* ShoppingItem.swift */,
				90C16F8B2B801AA400217BA0 /* ShoppingList.swift */,
			);
			path = Models;
			sourceTree = "<group>";
		};
		9086427F2B72ED9F00019E57 = {
			isa = PBXGroup;
			children = (
				9086428A2B72ED9F00019E57 /* Zakupowicz */,
				9086429D2B72EDA100019E57 /* ZakupowiczTests */,
				908642A72B72EDA100019E57 /* ZakupowiczUITests */,
				908642892B72ED9F00019E57 /* Products */,
			);
			sourceTree = "<group>";
		};
		908642892B72ED9F00019E57 /* Products */ = {
			isa = PBXGroup;
			children = (
				908642882B72ED9F00019E57 /* Zakupowicz.app */,
				9086429A2B72EDA100019E57 /* ZakupowiczTests.xctest */,
				908642A42B72EDA100019E57 /* ZakupowiczUITests.xctest */,
			);
			name = Products;
			sourceTree = "<group>";
		};
		9086428A2B72ED9F00019E57 /* Zakupowicz */ = {
			isa = PBXGroup;
			children = (
				904183702B7AC8B200B4133E /* Models */,
				9041836F2B7AC8A900B4133E /* Views */,
				9041836E2B7AC89E00B4133E /* ViewModels */,
				9086428B2B72ED9F00019E57 /* ZakupowiczApp.swift */,
				908642912B72EDA100019E57 /* Assets.xcassets */,
				908642932B72EDA100019E57 /* Preview Content */,
			);
			path = Zakupowicz;
			sourceTree = "<group>";
		};
		908642932B72EDA100019E57 /* Preview Content */ = {
			isa = PBXGroup;
			children = (
				908642942B72EDA100019E57 /* Preview Assets.xcassets */,
			);
			path = "Preview Content";
			sourceTree = "<group>";
		};
		9086429D2B72EDA100019E57 /* ZakupowiczTests */ = {
			isa = PBXGroup;
			children = (
				9086429E2B72EDA100019E57 /* ZakupowiczTests.swift */,
			);
			path = ZakupowiczTests;
			sourceTree = "<group>";
		};
		908642A72B72EDA100019E57 /* ZakupowiczUITests */ = {
			isa = PBXGroup;
			children = (
				908642A82B72EDA100019E57 /* ZakupowiczUITests.swift */,
				908642AA2B72EDA100019E57 /* ZakupowiczUITestsLaunchTests.swift */,
			);
			path = ZakupowiczUITests;
			sourceTree = "<group>";
		};
/* End PBXGroup section */

/* Begin PBXNativeTarget section */
		908642872B72ED9F00019E57 /* Zakupowicz */ = {
			isa = PBXNativeTarget;
			buildConfigurationList = 908642AE2B72EDA100019E57 /* Build configuration list for PBXNativeTarget "Zakupowicz" */;
			buildPhases = (
				908642842B72ED9F00019E57 /* Sources */,
				908642852B72ED9F00019E57 /* Frameworks */,
				908642862B72ED9F00019E57 /* Resources */,
			);
			buildRules = (
			);
			dependencies = (
			);
			name = Zakupowicz;
			productName = Zakupowicz;
			productReference = 908642882B72ED9F00019E57 /* Zakupowicz.app */;
			productType = "com.apple.product-type.application";
		};
		908642992B72EDA100019E57 /* ZakupowiczTests */ = {
			isa = PBXNativeTarget;
			buildConfigurationList = 908642B12B72EDA100019E57 /* Build configuration list for PBXNativeTarget "ZakupowiczTests" */;
			buildPhases = (
				908642962B72EDA100019E57 /* Sources */,
				908642972B72EDA100019E57 /* Frameworks */,
				908642982B72EDA100019E57 /* Resources */,
			);
			buildRules = (
			);
			dependencies = (
				9086429C2B72EDA100019E57 /* PBXTargetDependency */,
			);
			name = ZakupowiczTests;
			productName = ZakupowiczTests;
			productReference = 9086429A2B72EDA100019E57 /* ZakupowiczTests.xctest */;
			productType = "com.apple.product-type.bundle.unit-test";
		};
		908642A32B72EDA100019E57 /* ZakupowiczUITests */ = {
			isa = PBXNativeTarget;
			buildConfigurationList = 908642B42B72EDA100019E57 /* Build configuration list for PBXNativeTarget "ZakupowiczUITests" */;
			buildPhases = (
				908642A02B72EDA100019E57 /* Sources */,
				908642A12B72EDA100019E57 /* Frameworks */,
				908642A22B72EDA100019E57 /* Resources */,
			);
			buildRules = (
			);
			dependencies = (
				908642A62B72EDA100019E57 /* PBXTargetDependency */,
			);
			name = ZakupowiczUITests;
			productName = ZakupowiczUITests;
			productReference = 908642A42B72EDA100019E57 /* ZakupowiczUITests.xctest */;
			productType = "com.apple.product-type.bundle.ui-testing";
		};
/* End PBXNativeTarget section */

/* Begin PBXProject section */
		908642802B72ED9F00019E57 /* Project object */ = {
			isa = PBXProject;
			attributes = {
				BuildIndependentTargetsInParallel = 1;
				LastSwiftUpdateCheck = 1520;
				LastUpgradeCheck = 1520;
				TargetAttributes = {
					908642872B72ED9F00019E57 = {
						CreatedOnToolsVersion = 15.2;
					};
					908642992B72EDA100019E57 = {
						CreatedOnToolsVersion = 15.2;
						TestTargetID = 908642872B72ED9F00019E57;
					};
					908642A32B72EDA100019E57 = {
						CreatedOnToolsVersion = 15.2;
						TestTargetID = 908642872B72ED9F00019E57;
					};
				};
			};
			buildConfigurationList = 908642832B72ED9F00019E57 /* Build configuration list for PBXProject "Zakupowicz" */;
			compatibilityVersion = "Xcode 14.0";
			developmentRegion = en;
			hasScannedForEncodings = 0;
			knownRegions = (
				en,
				Base,
			);
			mainGroup = 9086427F2B72ED9F00019E57;
			productRefGroup = 908642892B72ED9F00019E57 /* Products */;
			projectDirPath = "";
			projectRoot = "";
			targets = (
				908642872B72ED9F00019E57 /* Zakupowicz */,
				908642992B72EDA100019E57 /* ZakupowiczTests */,
				908642A32B72EDA100019E57 /* ZakupowiczUITests */,
			);
		};
/* End PBXProject section */

/* Begin PBXResourcesBuildPhase section */
		908642862B72ED9F00019E57 /* Resources */ = {
			isa = PBXResourcesBuildPhase;
			buildActionMask = 2147483647;
			files = (
				908642952B72EDA100019E57 /* Preview Assets.xcassets in Resources */,
				908642922B72EDA100019E57 /* Assets.xcassets in Resources */,
			);
			runOnlyForDeploymentPostprocessing = 0;
		};
		908642982B72EDA100019E57 /* Resources */ = {
			isa = PBXResourcesBuildPhase;
			buildActionMask = 2147483647;
			files = (
			);
			runOnlyForDeploymentPostprocessing = 0;
		};
		908642A22B72EDA100019E57 /* Resources */ = {
			isa = PBXResourcesBuildPhase;
			buildActionMask = 2147483647;
			files = (
			);
			runOnlyForDeploymentPostprocessing = 0;
		};
/* End PBXResourcesBuildPhase section */

/* Begin PBXSourcesBuildPhase section */
		908642842B72ED9F00019E57 /* Sources */ = {
			isa = PBXSourcesBuildPhase;
			buildActionMask = 2147483647;
			files = (
				908642B82B72F55600019E57 /* ShoppingListView.swift in Sources */,
				903008382B77953B00E24A1B /* ShoppingListDetailViewModel.swift in Sources */,
				908642BC2B72F59900019E57 /* ShoppingListDetailView.swift in Sources */,
				908642C02B72F6DD00019E57 /* ShoppingItem.swift in Sources */,
				903008332B7792B200E24A1B /* ShoppingListViewModel.swift in Sources */,
				903008362B77940400E24A1B /* AddShoppingListViewModel.swift in Sources */,
				908642BA2B72F57E00019E57 /* AddShoppingListView.swift in Sources */,
				90C16F8C2B801AA400217BA0 /* ShoppingList.swift in Sources */,
				904183732B7AC98E00B4133E /* AddShoppingItemViewModel.swift in Sources */,
				904183752B7ACAF500B4133E /* ThemeViewModel.swift in Sources */,
				908642BE2B72F5E100019E57 /* AddShoppingItemView.swift in Sources */,
				9086428C2B72ED9F00019E57 /* ZakupowiczApp.swift in Sources */,
			);
			runOnlyForDeploymentPostprocessing = 0;
		};
		908642962B72EDA100019E57 /* Sources */ = {
			isa = PBXSourcesBuildPhase;
			buildActionMask = 2147483647;
			files = (
				9086429F2B72EDA100019E57 /* ZakupowiczTests.swift in Sources */,
			);
			runOnlyForDeploymentPostprocessing = 0;
		};
		908642A02B72EDA100019E57 /* Sources */ = {
			isa = PBXSourcesBuildPhase;
			buildActionMask = 2147483647;
			files = (
				908642A92B72EDA100019E57 /* ZakupowiczUITests.swift in Sources */,
				908642AB2B72EDA100019E57 /* ZakupowiczUITestsLaunchTests.swift in Sources */,
			);
			runOnlyForDeploymentPostprocessing = 0;
		};
/* End PBXSourcesBuildPhase section */

/* Begin PBXTargetDependency section */
		9086429C2B72EDA100019E57 /* PBXTargetDependency */ = {
			isa = PBXTargetDependency;
			target = 908642872B72ED9F00019E57 /* Zakupowicz */;
			targetProxy = 9086429B2B72EDA100019E57 /* PBXContainerItemProxy */;
		};
		908642A62B72EDA100019E57 /* PBXTargetDependency */ = {
			isa = PBXTargetDependency;
			target = 908642872B72ED9F00019E57 /* Zakupowicz */;
			targetProxy = 908642A52B72EDA100019E57 /* PBXContainerItemProxy */;
		};
/* End PBXTargetDependency section */

/* Begin XCBuildConfiguration section */
		908642AC2B72EDA100019E57 /* Debug */ = {
			isa = XCBuildConfiguration;
			buildSettings = {
				ALWAYS_SEARCH_USER_PATHS = NO;
				ASSETCATALOG_COMPILER_GENERATE_SWIFT_ASSET_SYMBOL_EXTENSIONS = YES;
				CLANG_ANALYZER_NONNULL = YES;
				CLANG_ANALYZER_NUMBER_OBJECT_CONVERSION = YES_AGGRESSIVE;
				CLANG_CXX_LANGUAGE_STANDARD = "gnu++20";
				CLANG_ENABLE_MODULES = YES;
				CLANG_ENABLE_OBJC_ARC = YES;
				CLANG_ENABLE_OBJC_WEAK = YES;
				CLANG_WARN_BLOCK_CAPTURE_AUTORELEASING = YES;
				CLANG_WARN_BOOL_CONVERSION = YES;
				CLANG_WARN_COMMA = YES;
				CLANG_WARN_CONSTANT_CONVERSION = YES;
				CLANG_WARN_DEPRECATED_OBJC_IMPLEMENTATIONS = YES;
				CLANG_WARN_DIRECT_OBJC_ISA_USAGE = YES_ERROR;
				CLANG_WARN_DOCUMENTATION_COMMENTS = YES;
				CLANG_WARN_EMPTY_BODY = YES;
				CLANG_WARN_ENUM_CONVERSION = YES;
				CLANG_WARN_INFINITE_RECURSION = YES;
				CLANG_WARN_INT_CONVERSION = YES;
				CLANG_WARN_NON_LITERAL_NULL_CONVERSION = YES;
				CLANG_WARN_OBJC_IMPLICIT_RETAIN_SELF = YES;
				CLANG_WARN_OBJC_LITERAL_CONVERSION = YES;
				CLANG_WARN_OBJC_ROOT_CLASS = YES_ERROR;
				CLANG_WARN_QUOTED_INCLUDE_IN_FRAMEWORK_HEADER = YES;
				CLANG_WARN_RANGE_LOOP_ANALYSIS = YES;
				CLANG_WARN_STRICT_PROTOTYPES = YES;
				CLANG_WARN_SUSPICIOUS_MOVE = YES;
				CLANG_WARN_UNGUARDED_AVAILABILITY = YES_AGGRESSIVE;
				CLANG_WARN_UNREACHABLE_CODE = YES;
				CLANG_WARN__DUPLICATE_METHOD_MATCH = YES;
				COPY_PHASE_STRIP = NO;
				DEBUG_INFORMATION_FORMAT = dwarf;
				ENABLE_STRICT_OBJC_MSGSEND = YES;
				ENABLE_TESTABILITY = YES;
				ENABLE_USER_SCRIPT_SANDBOXING = YES;
				GCC_C_LANGUAGE_STANDARD = gnu17;
				GCC_DYNAMIC_NO_PIC = NO;
				GCC_NO_COMMON_BLOCKS = YES;
				GCC_OPTIMIZATION_LEVEL = 0;
				GCC_PREPROCESSOR_DEFINITIONS = (
					"DEBUG=1",
					"$(inherited)",
				);
				GCC_WARN_64_TO_32_BIT_CONVERSION = YES;
				GCC_WARN_ABOUT_RETURN_TYPE = YES_ERROR;
				GCC_WARN_UNDECLARED_SELECTOR = YES;
				GCC_WARN_UNINITIALIZED_AUTOS = YES_AGGRESSIVE;
				GCC_WARN_UNUSED_FUNCTION = YES;
				GCC_WARN_UNUSED_VARIABLE = YES;
				IPHONEOS_DEPLOYMENT_TARGET = 17.2;
				LOCALIZATION_PREFERS_STRING_CATALOGS = YES;
				MTL_ENABLE_DEBUG_INFO = INCLUDE_SOURCE;
				MTL_FAST_MATH = YES;
				ONLY_ACTIVE_ARCH = YES;
				SDKROOT = iphoneos;
				SWIFT_ACTIVE_COMPILATION_CONDITIONS = "DEBUG $(inherited)";
				SWIFT_OPTIMIZATION_LEVEL = "-Onone";
			};
			name = Debug;
		};
		908642AD2B72EDA100019E57 /* Release */ = {
			isa = XCBuildConfiguration;
			buildSettings = {
				ALWAYS_SEARCH_USER_PATHS = NO;
				ASSETCATALOG_COMPILER_GENERATE_SWIFT_ASSET_SYMBOL_EXTENSIONS = YES;
				CLANG_ANALYZER_NONNULL = YES;
				CLANG_ANALYZER_NUMBER_OBJECT_CONVERSION = YES_AGGRESSIVE;
				CLANG_CXX_LANGUAGE_STANDARD = "gnu++20";
				CLANG_ENABLE_MODULES = YES;
				CLANG_ENABLE_OBJC_ARC = YES;
				CLANG_ENABLE_OBJC_WEAK = YES;
				CLANG_WARN_BLOCK_CAPTURE_AUTORELEASING = YES;
				CLANG_WARN_BOOL_CONVERSION = YES;
				CLANG_WARN_COMMA = YES;
				CLANG_WARN_CONSTANT_CONVERSION = YES;
				CLANG_WARN_DEPRECATED_OBJC_IMPLEMENTATIONS = YES;
				CLANG_WARN_DIRECT_OBJC_ISA_USAGE = YES_ERROR;
				CLANG_WARN_DOCUMENTATION_COMMENTS = YES;
				CLANG_WARN_EMPTY_BODY = YES;
				CLANG_WARN_ENUM_CONVERSION = YES;
				CLANG_WARN_INFINITE_RECURSION = YES;
				CLANG_WARN_INT_CONVERSION = YES;
				CLANG_WARN_NON_LITERAL_NULL_CONVERSION = YES;
				CLANG_WARN_OBJC_IMPLICIT_RETAIN_SELF = YES;
				CLANG_WARN_OBJC_LITERAL_CONVERSION = YES;
				CLANG_WARN_OBJC_ROOT_CLASS = YES_ERROR;
				CLANG_WARN_QUOTED_INCLUDE_IN_FRAMEWORK_HEADER = YES;
				CLANG_WARN_RANGE_LOOP_ANALYSIS = YES;
				CLANG_WARN_STRICT_PROTOTYPES = YES;
				CLANG_WARN_SUSPICIOUS_MOVE = YES;
				CLANG_WARN_UNGUARDED_AVAILABILITY = YES_AGGRESSIVE;
				CLANG_WARN_UNREACHABLE_CODE = YES;
				CLANG_WARN__DUPLICATE_METHOD_MATCH = YES;
				COPY_PHASE_STRIP = NO;
				DEBUG_INFORMATION_FORMAT = "dwarf-with-dsym";
				ENABLE_NS_ASSERTIONS = NO;
				ENABLE_STRICT_OBJC_MSGSEND = YES;
				ENABLE_USER_SCRIPT_SANDBOXING = YES;
				GCC_C_LANGUAGE_STANDARD = gnu17;
				GCC_NO_COMMON_BLOCKS = YES;
				GCC_WARN_64_TO_32_BIT_CONVERSION = YES;
				GCC_WARN_ABOUT_RETURN_TYPE = YES_ERROR;
				GCC_WARN_UNDECLARED_SELECTOR = YES;
				GCC_WARN_UNINITIALIZED_AUTOS = YES_AGGRESSIVE;
				GCC_WARN_UNUSED_FUNCTION = YES;
				GCC_WARN_UNUSED_VARIABLE = YES;
				IPHONEOS_DEPLOYMENT_TARGET = 17.2;
				LOCALIZATION_PREFERS_STRING_CATALOGS = YES;
				MTL_ENABLE_DEBUG_INFO = NO;
				MTL_FAST_MATH = YES;
				SDKROOT = iphoneos;
				SWIFT_COMPILATION_MODE = wholemodule;
				VALIDATE_PRODUCT = YES;
			};
			name = Release;
		};
		908642AF2B72EDA100019E57 /* Debug */ = {
			isa = XCBuildConfiguration;
			buildSettings = {
				ASSETCATALOG_COMPILER_APPICON_NAME = AppIcon;
				ASSETCATALOG_COMPILER_GLOBAL_ACCENT_COLOR_NAME = AccentColor;
				CODE_SIGN_STYLE = Automatic;
				CURRENT_PROJECT_VERSION = 1;
				DEVELOPMENT_ASSET_PATHS = "\"Zakupowicz/Preview Content\"";
				ENABLE_PREVIEWS = YES;
				GENERATE_INFOPLIST_FILE = YES;
				INFOPLIST_KEY_UIApplicationSceneManifest_Generation = YES;
				INFOPLIST_KEY_UIApplicationSupportsIndirectInputEvents = YES;
				INFOPLIST_KEY_UILaunchScreen_Generation = YES;
				INFOPLIST_KEY_UISupportedInterfaceOrientations_iPad = "UIInterfaceOrientationPortrait UIInterfaceOrientationPortraitUpsideDown UIInterfaceOrientationLandscapeLeft UIInterfaceOrientationLandscapeRight";
				INFOPLIST_KEY_UISupportedInterfaceOrientations_iPhone = "UIInterfaceOrientationPortrait UIInterfaceOrientationLandscapeLeft UIInterfaceOrientationLandscapeRight";
				LD_RUNPATH_SEARCH_PATHS = (
					"$(inherited)",
					"@executable_path/Frameworks",
				);
				MARKETING_VERSION = 1.0;
				PRODUCT_BUNDLE_IDENTIFIER = mstankiewicz.Zakupowicz;
				PRODUCT_NAME = "$(TARGET_NAME)";
				SWIFT_EMIT_LOC_STRINGS = YES;
				SWIFT_VERSION = 5.0;
				TARGETED_DEVICE_FAMILY = "1,2";
			};
			name = Debug;
		};
		908642B02B72EDA100019E57 /* Release */ = {
			isa = XCBuildConfiguration;
			buildSettings = {
				ASSETCATALOG_COMPILER_APPICON_NAME = AppIcon;
				ASSETCATALOG_COMPILER_GLOBAL_ACCENT_COLOR_NAME = AccentColor;
				CODE_SIGN_STYLE = Automatic;
				CURRENT_PROJECT_VERSION = 1;
				DEVELOPMENT_ASSET_PATHS = "\"Zakupowicz/Preview Content\"";
				ENABLE_PREVIEWS = YES;
				GENERATE_INFOPLIST_FILE = YES;
				INFOPLIST_KEY_UIApplicationSceneManifest_Generation = YES;
				INFOPLIST_KEY_UIApplicationSupportsIndirectInputEvents = YES;
				INFOPLIST_KEY_UILaunchScreen_Generation = YES;
				INFOPLIST_KEY_UISupportedInterfaceOrientations_iPad = "UIInterfaceOrientationPortrait UIInterfaceOrientationPortraitUpsideDown UIInterfaceOrientationLandscapeLeft UIInterfaceOrientationLandscapeRight";
				INFOPLIST_KEY_UISupportedInterfaceOrientations_iPhone = "UIInterfaceOrientationPortrait UIInterfaceOrientationLandscapeLeft UIInterfaceOrientationLandscapeRight";
				LD_RUNPATH_SEARCH_PATHS = (
					"$(inherited)",
					"@executable_path/Frameworks",
				);
				MARKETING_VERSION = 1.0;
				PRODUCT_BUNDLE_IDENTIFIER = mstankiewicz.Zakupowicz;
				PRODUCT_NAME = "$(TARGET_NAME)";
				SWIFT_EMIT_LOC_STRINGS = YES;
				SWIFT_VERSION = 5.0;
				TARGETED_DEVICE_FAMILY = "1,2";
			};
			name = Release;
		};
		908642B22B72EDA100019E57 /* Debug */ = {
			isa = XCBuildConfiguration;
			buildSettings = {
				ALWAYS_EMBED_SWIFT_STANDARD_LIBRARIES = YES;
				BUNDLE_LOADER = "$(TEST_HOST)";
				CODE_SIGN_STYLE = Automatic;
				CURRENT_PROJECT_VERSION = 1;
				GENERATE_INFOPLIST_FILE = YES;
				IPHONEOS_DEPLOYMENT_TARGET = 17.2;
				MARKETING_VERSION = 1.0;
				PRODUCT_BUNDLE_IDENTIFIER = mstankiewicz.ZakupowiczTests;
				PRODUCT_NAME = "$(TARGET_NAME)";
				SWIFT_EMIT_LOC_STRINGS = NO;
				SWIFT_VERSION = 5.0;
				TARGETED_DEVICE_FAMILY = "1,2";
				TEST_HOST = "$(BUILT_PRODUCTS_DIR)/Zakupowicz.app/$(BUNDLE_EXECUTABLE_FOLDER_PATH)/Zakupowicz";
			};
			name = Debug;
		};
		908642B32B72EDA100019E57 /* Release */ = {
			isa = XCBuildConfiguration;
			buildSettings = {
				ALWAYS_EMBED_SWIFT_STANDARD_LIBRARIES = YES;
				BUNDLE_LOADER = "$(TEST_HOST)";
				CODE_SIGN_STYLE = Automatic;
				CURRENT_PROJECT_VERSION = 1;
				GENERATE_INFOPLIST_FILE = YES;
				IPHONEOS_DEPLOYMENT_TARGET = 17.2;
				MARKETING_VERSION = 1.0;
				PRODUCT_BUNDLE_IDENTIFIER = mstankiewicz.ZakupowiczTests;
				PRODUCT_NAME = "$(TARGET_NAME)";
				SWIFT_EMIT_LOC_STRINGS = NO;
				SWIFT_VERSION = 5.0;
				TARGETED_DEVICE_FAMILY = "1,2";
				TEST_HOST = "$(BUILT_PRODUCTS_DIR)/Zakupowicz.app/$(BUNDLE_EXECUTABLE_FOLDER_PATH)/Zakupowicz";
			};
			name = Release;
		};
		908642B52B72EDA100019E57 /* Debug */ = {
			isa = XCBuildConfiguration;
			buildSettings = {
				ALWAYS_EMBED_SWIFT_STANDARD_LIBRARIES = YES;
				CODE_SIGN_STYLE = Automatic;
				CURRENT_PROJECT_VERSION = 1;
				GENERATE_INFOPLIST_FILE = YES;
				MARKETING_VERSION = 1.0;
				PRODUCT_BUNDLE_IDENTIFIER = mstankiewicz.ZakupowiczUITests;
				PRODUCT_NAME = "$(TARGET_NAME)";
				SWIFT_EMIT_LOC_STRINGS = NO;
				SWIFT_VERSION = 5.0;
				TARGETED_DEVICE_FAMILY = "1,2";
				TEST_TARGET_NAME = Zakupowicz;
			};
			name = Debug;
		};
		908642B62B72EDA100019E57 /* Release */ = {
			isa = XCBuildConfiguration;
			buildSettings = {
				ALWAYS_EMBED_SWIFT_STANDARD_LIBRARIES = YES;
				CODE_SIGN_STYLE = Automatic;
				CURRENT_PROJECT_VERSION = 1;
				GENERATE_INFOPLIST_FILE = YES;
				MARKETING_VERSION = 1.0;
				PRODUCT_BUNDLE_IDENTIFIER = mstankiewicz.ZakupowiczUITests;
				PRODUCT_NAME = "$(TARGET_NAME)";
				SWIFT_EMIT_LOC_STRINGS = NO;
				SWIFT_VERSION = 5.0;
				TARGETED_DEVICE_FAMILY = "1,2";
				TEST_TARGET_NAME = Zakupowicz;
			};
			name = Release;
		};
/* End XCBuildConfiguration section */

/* Begin XCConfigurationList section */
		908642832B72ED9F00019E57 /* Build configuration list for PBXProject "Zakupowicz" */ = {
			isa = XCConfigurationList;
			buildConfigurations = (
				908642AC2B72EDA100019E57 /* Debug */,
				908642AD2B72EDA100019E57 /* Release */,
			);
			defaultConfigurationIsVisible = 0;
			defaultConfigurationName = Release;
		};
		908642AE2B72EDA100019E57 /* Build configuration list for PBXNativeTarget "Zakupowicz" */ = {
			isa = XCConfigurationList;
			buildConfigurations = (
				908642AF2B72EDA100019E57 /* Debug */,
				908642B02B72EDA100019E57 /* Release */,
			);
			defaultConfigurationIsVisible = 0;
			defaultConfigurationName = Release;
		};
		908642B12B72EDA100019E57 /* Build configuration list for PBXNativeTarget "ZakupowiczTests" */ = {
			isa = XCConfigurationList;
			buildConfigurations = (
				908642B22B72EDA100019E57 /* Debug */,
				908642B32B72EDA100019E57 /* Release */,
			);
			defaultConfigurationIsVisible = 0;
			defaultConfigurationName = Release;
		};
		908642B42B72EDA100019E57 /* Build configuration list for PBXNativeTarget "ZakupowiczUITests" */ = {
			isa = XCConfigurationList;
			buildConfigurations = (
				908642B52B72EDA100019E57 /* Debug */,
				908642B62B72EDA100019E57 /* Release */,
			);
			defaultConfigurationIsVisible = 0;
			defaultConfigurationName = Release;
		};
/* End XCConfigurationList section */
	};
	rootObject = 908642802B72ED9F00019E57 /* Project object */;
}
